
Microsoft Visual Studio Solution File, Format Version 12.00
# Visual Studio 15
VisualStudioVersion = 15.0.26730.12
MinimumVisualStudioVersion = 10.0.40219.1
Project("{FAE04EC0-301F-11D3-BF4B-00C04F79EFBC}") = "HealthGraphNet.Tests", "HealthGraphNet.Tests\HealthGraphNet.Tests.csproj", "{DE67C16F-DD10-4044-9966-E392A12EEBDD}"
EndProject
Project("{D954291E-2A0B-460D-934E-DC6B0785DB48}") = "HealthGraphNet", "HealthGraphNet\HealthGraphNet.shproj", "{1DFAB556-6818-415F-AE78-5D7B093B602C}"
EndProject
Project("{2150E333-8FDC-42A3-9474-1A3956D46DE8}") = ".nuget", ".nuget", "{E61F1DF3-6993-42E6-A1DD-010DA44C89E6}"
	ProjectSection(SolutionItems) = preProject
		.nuget\NuGet.Config = .nuget\NuGet.Config
		.nuget\NuGet.exe = .nuget\NuGet.exe
		.nuget\NuGet.targets = .nuget\NuGet.targets
	EndProjectSection
EndProject
Project("{FAE04EC0-301F-11D3-BF4B-00C04F79EFBC}") = "HealthGraphNet.NetStandard", "HealthGraphNet.NetStandard\HealthGraphNet.NetStandard.csproj", "{0DE94A2D-CE66-4643-B454-53838674BD43}"
EndProject
Global
	GlobalSection(SharedMSBuildProjectFiles) = preSolution
		HealthGraphNet\HealthGraphNet.projitems*{1dfab556-6818-415f-ae78-5d7b093b602c}*SharedItemsImports = 13
	EndGlobalSection
	GlobalSection(SolutionConfigurationPlatforms) = preSolution
		Ad-Hoc|Any CPU = Ad-Hoc|Any CPU
		Ad-Hoc|iPhone = Ad-Hoc|iPhone
		Ad-Hoc|iPhoneSimulator = Ad-Hoc|iPhoneSimulator
		AppStore|Any CPU = AppStore|Any CPU
		AppStore|iPhone = AppStore|iPhone
		AppStore|iPhoneSimulator = AppStore|iPhoneSimulator
		Debug|Any CPU = Debug|Any CPU
		Debug|iPhone = Debug|iPhone
		Debug|iPhoneSimulator = Debug|iPhoneSimulator
		Release|Any CPU = Release|Any CPU
		Release|iPhone = Release|iPhone
		Release|iPhoneSimulator = Release|iPhoneSimulator
	EndGlobalSection
	GlobalSection(ProjectConfigurationPlatforms) = postSolution
		{DE67C16F-DD10-4044-9966-E392A12EEBDD}.Ad-Hoc|Any CPU.ActiveCfg = Release|Any CPU
		{DE67C16F-DD10-4044-9966-E392A12EEBDD}.Ad-Hoc|Any CPU.Build.0 = Release|Any CPU
		{DE67C16F-DD10-4044-9966-E392A12EEBDD}.Ad-Hoc|iPhone.ActiveCfg = Release|Any CPU
		{DE67C16F-DD10-4044-9966-E392A12EEBDD}.Ad-Hoc|iPhone.Build.0 = Release|Any CPU
		{DE67C16F-DD10-4044-9966-E392A12EEBDD}.Ad-Hoc|iPhoneSimulator.ActiveCfg = Release|Any CPU
		{DE67C16F-DD10-4044-9966-E392A12EEBDD}.Ad-Hoc|iPhoneSimulator.Build.0 = Release|Any CPU
		{DE67C16F-DD10-4044-9966-E392A12EEBDD}.AppStore|Any CPU.ActiveCfg = Release|Any CPU
		{DE67C16F-DD10-4044-9966-E392A12EEBDD}.AppStore|Any CPU.Build.0 = Release|Any CPU
		{DE67C16F-DD10-4044-9966-E392A12EEBDD}.AppStore|iPhone.ActiveCfg = Release|Any CPU
		{DE67C16F-DD10-4044-9966-E392A12EEBDD}.AppStore|iPhone.Build.0 = Release|Any CPU
		{DE67C16F-DD10-4044-9966-E392A12EEBDD}.AppStore|iPhoneSimulator.ActiveCfg = Release|Any CPU
		{DE67C16F-DD10-4044-9966-E392A12EEBDD}.AppStore|iPhoneSimulator.Build.0 = Release|Any CPU
		{DE67C16F-DD10-4044-9966-E392A12EEBDD}.Debug|Any CPU.ActiveCfg = Debug|Any CPU
		{DE67C16F-DD10-4044-9966-E392A12EEBDD}.Debug|Any CPU.Build.0 = Debug|Any CPU
		{DE67C16F-DD10-4044-9966-E392A12EEBDD}.Debug|iPhone.ActiveCfg = Debug|Any CPU
		{DE67C16F-DD10-4044-9966-E392A12EEBDD}.Debug|iPhone.Build.0 = Debug|Any CPU
		{DE67C16F-DD10-4044-9966-E392A12EEBDD}.Debug|iPhoneSimulator.ActiveCfg = Debug|Any CPU
		{DE67C16F-DD10-4044-9966-E392A12EEBDD}.Debug|iPhoneSimulator.Build.0 = Debug|Any CPU
		{DE67C16F-DD10-4044-9966-E392A12EEBDD}.Release|Any CPU.ActiveCfg = Release|Any CPU
		{DE67C16F-DD10-4044-9966-E392A12EEBDD}.Release|Any CPU.Build.0 = Release|Any CPU
		{DE67C16F-DD10-4044-9966-E392A12EEBDD}.Release|iPhone.ActiveCfg = Release|Any CPU
		{DE67C16F-DD10-4044-9966-E392A12EEBDD}.Release|iPhone.Build.0 = Release|Any CPU
		{DE67C16F-DD10-4044-9966-E392A12EEBDD}.Release|iPhoneSimulator.ActiveCfg = Release|Any CPU
		{DE67C16F-DD10-4044-9966-E392A12EEBDD}.Release|iPhoneSimulator.Build.0 = Release|Any CPU
		{0DE94A2D-CE66-4643-B454-53838674BD43}.Ad-Hoc|Any CPU.ActiveCfg = Debug|Any CPU
		{0DE94A2D-CE66-4643-B454-53838674BD43}.Ad-Hoc|Any CPU.Build.0 = Debug|Any CPU
		{0DE94A2D-CE66-4643-B454-53838674BD43}.Ad-Hoc|iPhone.ActiveCfg = Debug|Any CPU
		{0DE94A2D-CE66-4643-B454-53838674BD43}.Ad-Hoc|iPhone.Build.0 = Debug|Any CPU
		{0DE94A2D-CE66-4643-B454-53838674BD43}.Ad-Hoc|iPhoneSimulator.ActiveCfg = Debug|Any CPU
		{0DE94A2D-CE66-4643-B454-53838674BD43}.Ad-Hoc|iPhoneSimulator.Build.0 = Debug|Any CPU
		{0DE94A2D-CE66-4643-B454-53838674BD43}.AppStore|Any CPU.ActiveCfg = Debug|Any CPU
		{0DE94A2D-CE66-4643-B454-53838674BD43}.AppStore|Any CPU.Build.0 = Debug|Any CPU
		{0DE94A2D-CE66-4643-B454-53838674BD43}.AppStore|iPhone.ActiveCfg = Debug|Any CPU
		{0DE94A2D-CE66-4643-B454-53838674BD43}.AppStore|iPhone.Build.0 = Debug|Any CPU
		{0DE94A2D-CE66-4643-B454-53838674BD43}.AppStore|iPhoneSimulator.ActiveCfg = Debug|Any CPU
		{0DE94A2D-CE66-4643-B454-53838674BD43}.AppStore|iPhoneSimulator.Build.0 = Debug|Any CPU
		{0DE94A2D-CE66-4643-B454-53838674BD43}.Debug|Any CPU.ActiveCfg = Debug|Any CPU
		{0DE94A2D-CE66-4643-B454-53838674BD43}.Debug|Any CPU.Build.0 = Debug|Any CPU
		{0DE94A2D-CE66-4643-B454-53838674BD43}.Debug|iPhone.ActiveCfg = Debug|Any CPU
		{0DE94A2D-CE66-4643-B454-53838674BD43}.Debug|iPhone.Build.0 = Debug|Any CPU
		{0DE94A2D-CE66-4643-B454-53838674BD43}.Debug|iPhoneSimulator.ActiveCfg = Debug|Any CPU
		{0DE94A2D-CE66-4643-B454-53838674BD43}.Debug|iPhoneSimulator.Build.0 = Debug|Any CPU
		{0DE94A2D-CE66-4643-B454-53838674BD43}.Release|Any CPU.ActiveCfg = Release|Any CPU
		{0DE94A2D-CE66-4643-B454-53838674BD43}.Release|Any CPU.Build.0 = Release|Any CPU
		{0DE94A2D-CE66-4643-B454-53838674BD43}.Release|iPhone.ActiveCfg = Release|Any CPU
		{0DE94A2D-CE66-4643-B454-53838674BD43}.Release|iPhone.Build.0 = Release|Any CPU
		{0DE94A2D-CE66-4643-B454-53838674BD43}.Release|iPhoneSimulator.ActiveCfg = Release|Any CPU
		{0DE94A2D-CE66-4643-B454-53838674BD43}.Release|iPhoneSimulator.Build.0 = Release|Any CPU
	EndGlobalSection
	GlobalSection(SolutionProperties) = preSolution
		HideSolutionNode = FALSE
	EndGlobalSection
	GlobalSection(ExtensibilityGlobals) = postSolution
		SolutionGuid = {A654696B-293F-4230-A524-683F8D2ACCE9}
	EndGlobalSection
EndGlobal
